
Microsoft Visual Studio Solution File, Format Version 12.00
# Visual Studio Version 17
VisualStudioVersion = 17.9.34622.214
MinimumVisualStudioVersion = 10.0.40219.1
Project("{FAE04EC0-301F-11D3-BF4B-00C04F79EFBC}") = "CostOfTrafic2.0", "CostOfTrafic2.0\CostOfTrafic2.0.csproj", "{0DCF5A00-9F56-49CF-AD88-6015A3477A3E}"
EndProject
Global
	GlobalSection(SolutionConfigurationPlatforms) = preSolution
		Debug|Any CPU = Debug|Any CPU
		Release|Any CPU = Release|Any CPU
	EndGlobalSection
	GlobalSection(ProjectConfigurationPlatforms) = postSolution
		{0DCF5A00-9F56-49CF-AD88-6015A3477A3E}.Debug|Any CPU.ActiveCfg = Debug|Any CPU
		{0DCF5A00-9F56-49CF-AD88-6015A3477A3E}.Debug|Any CPU.Build.0 = Debug|Any CPU
		{0DCF5A00-9F56-49CF-AD88-6015A3477A3E}.Release|Any CPU.ActiveCfg = Release|Any CPU
		{0DCF5A00-9F56-49CF-AD88-6015A3477A3E}.Release|Any CPU.Build.0 = Release|Any CPU
	EndGlobalSection
	GlobalSection(SolutionProperties) = preSolution
		HideSolutionNode = FALSE
	EndGlobalSection
	GlobalSection(ExtensibilityGlobals) = postSolution
		SolutionGuid = {91AA3545-A92B-4821-8307-93EA596E4DBC}
	EndGlobalSection
EndGlobal
